// !$*UTF8*$!
{
	archiveVersion = 1;
	classes = {
	};
	objectVersion = 46;
	objects = {

/* Begin PBXFileReference section */
		03C71E721649587E00621A9B /* applyConst_kernel.cpp */ = {isa = PBXFileReference; fileEncoding = 4; lastKnownFileType = sourcecode.cpp.cpp; name = applyConst_kernel.cpp; path = ../sp/applyConst_kernel.cpp; sourceTree = "<group>"; };
		03C71E731649587E00621A9B /* applyConst_kernel.cu */ = {isa = PBXFileReference; fileEncoding = 4; lastKnownFileType = text; name = applyConst_kernel.cu; path = ../sp/applyConst_kernel.cu; sourceTree = "<group>"; };
		03C71E741649587E00621A9B /* applyConst.h */ = {isa = PBXFileReference; fileEncoding = 4; lastKnownFileType = sourcecode.c.h; name = applyConst.h; path = ../sp/applyConst.h; sourceTree = "<group>"; };
		03C71E751649587E00621A9B /* computeFluxes_kernel.cpp */ = {isa = PBXFileReference; fileEncoding = 4; lastKnownFileType = sourcecode.cpp.cpp; name = computeFluxes_kernel.cpp; path = ../sp/computeFluxes_kernel.cpp; sourceTree = "<group>"; };
		03C71E761649587E00621A9B /* computeFluxes_kernel.cu */ = {isa = PBXFileReference; fileEncoding = 4; lastKnownFileType = text; name = computeFluxes_kernel.cu; path = ../sp/computeFluxes_kernel.cu; sourceTree = "<group>"; };
		03C71E771649587E00621A9B /* computeFluxes.h */ = {isa = PBXFileReference; fileEncoding = 4; lastKnownFileType = sourcecode.c.h; name = computeFluxes.h; path = ../sp/computeFluxes.h; sourceTree = "<group>"; };
		03C71E781649587E00621A9B /* EvolveValuesRK2_1_kernel.cpp */ = {isa = PBXFileReference; fileEncoding = 4; lastKnownFileType = sourcecode.cpp.cpp; name = EvolveValuesRK2_1_kernel.cpp; path = ../sp/EvolveValuesRK2_1_kernel.cpp; sourceTree = "<group>"; };
		03C71E791649587E00621A9B /* EvolveValuesRK2_1_kernel.cu */ = {isa = PBXFileReference; fileEncoding = 4; lastKnownFileType = text; name = EvolveValuesRK2_1_kernel.cu; path = ../sp/EvolveValuesRK2_1_kernel.cu; sourceTree = "<group>"; };
		03C71E7A1649587E00621A9B /* EvolveValuesRK2_1.h */ = {isa = PBXFileReference; fileEncoding = 4; lastKnownFileType = sourcecode.c.h; name = EvolveValuesRK2_1.h; path = ../sp/EvolveValuesRK2_1.h; sourceTree = "<group>"; };
		03C71E7B1649587E00621A9B /* EvolveValuesRK2_2_kernel.cpp */ = {isa = PBXFileReference; fileEncoding = 4; lastKnownFileType = sourcecode.cpp.cpp; name = EvolveValuesRK2_2_kernel.cpp; path = ../sp/EvolveValuesRK2_2_kernel.cpp; sourceTree = "<group>"; };
		03C71E7C1649587E00621A9B /* EvolveValuesRK2_2_kernel.cu */ = {isa = PBXFileReference; fileEncoding = 4; lastKnownFileType = text; name = EvolveValuesRK2_2_kernel.cu; path = ../sp/EvolveValuesRK2_2_kernel.cu; sourceTree = "<group>"; };
		03C71E7D1649587E00621A9B /* EvolveValuesRK2_2.h */ = {isa = PBXFileReference; fileEncoding = 4; lastKnownFileType = sourcecode.c.h; name = EvolveValuesRK2_2.h; path = ../sp/EvolveValuesRK2_2.h; sourceTree = "<group>"; };
		03C71E7E1649587E00621A9B /* getMaxElevation_kernel.cpp */ = {isa = PBXFileReference; fileEncoding = 4; lastKnownFileType = sourcecode.cpp.cpp; name = getMaxElevation_kernel.cpp; path = ../sp/getMaxElevation_kernel.cpp; sourceTree = "<group>"; };
		03C71E7F1649587E00621A9B /* getMaxElevation_kernel.cu */ = {isa = PBXFileReference; fileEncoding = 4; lastKnownFileType = text; name = getMaxElevation_kernel.cu; path = ../sp/getMaxElevation_kernel.cu; sourceTree = "<group>"; };
		03C71E801649587E00621A9B /* getMaxElevation.h */ = {isa = PBXFileReference; fileEncoding = 4; lastKnownFileType = sourcecode.c.h; name = getMaxElevation.h; path = ../sp/getMaxElevation.h; sourceTree = "<group>"; };
		03C71E811649587E00621A9B /* getTotalVol_kernel.cpp */ = {isa = PBXFileReference; fileEncoding = 4; lastKnownFileType = sourcecode.cpp.cpp; name = getTotalVol_kernel.cpp; path = ../sp/getTotalVol_kernel.cpp; sourceTree = "<group>"; };
		03C71E821649587E00621A9B /* getTotalVol_kernel.cu */ = {isa = PBXFileReference; fileEncoding = 4; lastKnownFileType = text; name = getTotalVol_kernel.cu; path = ../sp/getTotalVol_kernel.cu; sourceTree = "<group>"; };
		03C71E831649587E00621A9B /* getTotalVol.h */ = {isa = PBXFileReference; fileEncoding = 4; lastKnownFileType = sourcecode.c.h; name = getTotalVol.h; path = ../sp/getTotalVol.h; sourceTree = "<group>"; };
		03C71E841649587E00621A9B /* initBathymetry_formula_kernel.cpp */ = {isa = PBXFileReference; fileEncoding = 4; lastKnownFileType = sourcecode.cpp.cpp; name = initBathymetry_formula_kernel.cpp; path = ../sp/initBathymetry_formula_kernel.cpp; sourceTree = "<group>"; };
		03C71E851649587E00621A9B /* initBathymetry_formula_kernel.cu */ = {isa = PBXFileReference; fileEncoding = 4; lastKnownFileType = text; name = initBathymetry_formula_kernel.cu; path = ../sp/initBathymetry_formula_kernel.cu; sourceTree = "<group>"; };
		03C71E861649587E00621A9B /* initBathymetry_formula.h */ = {isa = PBXFileReference; fileEncoding = 4; lastKnownFileType = sourcecode.c.h; name = initBathymetry_formula.h; path = ../sp/initBathymetry_formula.h; sourceTree = "<group>"; };
		03C71E871649587E00621A9B /* initBathymetry_update_kernel.cpp */ = {isa = PBXFileReference; fileEncoding = 4; lastKnownFileType = sourcecode.cpp.cpp; name = initBathymetry_update_kernel.cpp; path = ../sp/initBathymetry_update_kernel.cpp; sourceTree = "<group>"; };
		03C71E881649587E00621A9B /* initBathymetry_update_kernel.cu */ = {isa = PBXFileReference; fileEncoding = 4; lastKnownFileType = text; name = initBathymetry_update_kernel.cu; path = ../sp/initBathymetry_update_kernel.cu; sourceTree = "<group>"; };
		03C71E891649587E00621A9B /* initBathymetry_update.h */ = {isa = PBXFileReference; fileEncoding = 4; lastKnownFileType = sourcecode.c.h; name = initBathymetry_update.h; path = ../sp/initBathymetry_update.h; sourceTree = "<group>"; };
		03C71E8A1649587E00621A9B /* initBore_select_kernel.cpp */ = {isa = PBXFileReference; fileEncoding = 4; lastKnownFileType = sourcecode.cpp.cpp; name = initBore_select_kernel.cpp; path = ../sp/initBore_select_kernel.cpp; sourceTree = "<group>"; };
		03C71E8B1649587E00621A9B /* initBore_select_kernel.cu */ = {isa = PBXFileReference; fileEncoding = 4; lastKnownFileType = text; name = initBore_select_kernel.cu; path = ../sp/initBore_select_kernel.cu; sourceTree = "<group>"; };
		03C71E8C1649587E00621A9B /* initBore_select.h */ = {isa = PBXFileReference; fileEncoding = 4; lastKnownFileType = sourcecode.c.h; name = initBore_select.h; path = ../sp/initBore_select.h; sourceTree = "<group>"; };
		03C71E8D1649587E00621A9B /* initEta_formula_kernel.cpp */ = {isa = PBXFileReference; fileEncoding = 4; lastKnownFileType = sourcecode.cpp.cpp; name = initEta_formula_kernel.cpp; path = ../sp/initEta_formula_kernel.cpp; sourceTree = "<group>"; };
		03C71E8E1649587E00621A9B /* initEta_formula_kernel.cu */ = {isa = PBXFileReference; fileEncoding = 4; lastKnownFileType = text; name = initEta_formula_kernel.cu; path = ../sp/initEta_formula_kernel.cu; sourceTree = "<group>"; };
		03C71E8F1649587E00621A9B /* initEta_formula.h */ = {isa = PBXFileReference; fileEncoding = 4; lastKnownFileType = sourcecode.c.h; name = initEta_formula.h; path = ../sp/initEta_formula.h; sourceTree = "<group>"; };
		03C71E901649587E00621A9B /* initGaussianLandslide_kernel.cpp */ = {isa = PBXFileReference; fileEncoding = 4; lastKnownFileType = sourcecode.cpp.cpp; name = initGaussianLandslide_kernel.cpp; path = ../sp/initGaussianLandslide_kernel.cpp; sourceTree = "<group>"; };
		03C71E911649587E00621A9B /* initGaussianLandslide_kernel.cu */ = {isa = PBXFileReference; fileEncoding = 4; lastKnownFileType = text; name = initGaussianLandslide_kernel.cu; path = ../sp/initGaussianLandslide_kernel.cu; sourceTree = "<group>"; };
		03C71E921649587E00621A9B /* initGaussianLandslide.h */ = {isa = PBXFileReference; fileEncoding = 4; lastKnownFileType = sourcecode.c.h; name = initGaussianLandslide.h; path = ../sp/initGaussianLandslide.h; sourceTree = "<group>"; };
		03C71E931649587E00621A9B /* initU_formula_kernel.cpp */ = {isa = PBXFileReference; fileEncoding = 4; lastKnownFileType = sourcecode.cpp.cpp; name = initU_formula_kernel.cpp; path = ../sp/initU_formula_kernel.cpp; sourceTree = "<group>"; };
		03C71E941649587E00621A9B /* initU_formula_kernel.cu */ = {isa = PBXFileReference; fileEncoding = 4; lastKnownFileType = text; name = initU_formula_kernel.cu; path = ../sp/initU_formula_kernel.cu; sourceTree = "<group>"; };
		03C71E951649587E00621A9B /* initU_formula.h */ = {isa = PBXFileReference; fileEncoding = 4; lastKnownFileType = sourcecode.c.h; name = initU_formula.h; path = ../sp/initU_formula.h; sourceTree = "<group>"; };
		03C71E961649587E00621A9B /* initV_formula_kernel.cpp */ = {isa = PBXFileReference; fileEncoding = 4; lastKnownFileType = sourcecode.cpp.cpp; name = initV_formula_kernel.cpp; path = ../sp/initV_formula_kernel.cpp; sourceTree = "<group>"; };
		03C71E971649587E00621A9B /* initV_formula_kernel.cu */ = {isa = PBXFileReference; fileEncoding = 4; lastKnownFileType = text; name = initV_formula_kernel.cu; path = ../sp/initV_formula_kernel.cu; sourceTree = "<group>"; };
		03C71E981649587E00621A9B /* initV_formula.h */ = {isa = PBXFileReference; fileEncoding = 4; lastKnownFileType = sourcecode.c.h; name = initV_formula.h; path = ../sp/initV_formula.h; sourceTree = "<group>"; };
		03C71E991649587E00621A9B /* landslide_mesh_convergence.h5 */ = {isa = PBXFileReference; lastKnownFileType = file; name = landslide_mesh_convergence.h5; path = ../sp/landslide_mesh_convergence.h5; sourceTree = "<group>"; };
		03C71E9A1649587E00621A9B /* Makefile */ = {isa = PBXFileReference; fileEncoding = 4; lastKnownFileType = sourcecode.make; name = Makefile; path = ../sp/Makefile; sourceTree = "<group>"; };
		03C71E9B1649587E00621A9B /* NumericalFluxes_kernel.cpp */ = {isa = PBXFileReference; fileEncoding = 4; lastKnownFileType = sourcecode.cpp.cpp; name = NumericalFluxes_kernel.cpp; path = ../sp/NumericalFluxes_kernel.cpp; sourceTree = "<group>"; };
		03C71E9C1649587E00621A9B /* NumericalFluxes_kernel.cu */ = {isa = PBXFileReference; fileEncoding = 4; lastKnownFileType = text; name = NumericalFluxes_kernel.cu; path = ../sp/NumericalFluxes_kernel.cu; sourceTree = "<group>"; };
		03C71E9D1649587E00621A9B /* NumericalFluxes.h */ = {isa = PBXFileReference; fileEncoding = 4; lastKnownFileType = sourcecode.c.h; name = NumericalFluxes.h; path = ../sp/NumericalFluxes.h; sourceTree = "<group>"; };
		03C71E9E1649587E00621A9B /* out.txt */ = {isa = PBXFileReference; fileEncoding = 4; lastKnownFileType = text; name = out.txt; path = ../sp/out.txt; sourceTree = "<group>"; };
		03C71E9F1649587E00621A9B /* result_mesh7_x0_y0.txt */ = {isa = PBXFileReference; fileEncoding = 4; lastKnownFileType = text; name = result_mesh7_x0_y0.txt; path = ../sp/result_mesh7_x0_y0.txt; sourceTree = "<group>"; };
		03C71EA01649587E00621A9B /* result_mesh7_x0_y3.txt */ = {isa = PBXFileReference; fileEncoding = 4; lastKnownFileType = text; name = result_mesh7_x0_y3.txt; path = ../sp/result_mesh7_x0_y3.txt; sourceTree = "<group>"; };
		03C71EA11649587E00621A9B /* result_mesh7_x0_y5.txt */ = {isa = PBXFileReference; fileEncoding = 4; lastKnownFileType = text; name = result_mesh7_x0_y5.txt; path = ../sp/result_mesh7_x0_y5.txt; sourceTree = "<group>"; };
		03C71EA21649587E00621A9B /* result_mesh7_x0_y10.txt */ = {isa = PBXFileReference; fileEncoding = 4; lastKnownFileType = text; name = result_mesh7_x0_y10.txt; path = ../sp/result_mesh7_x0_y10.txt; sourceTree = "<group>"; };
		03C71EA31649587E00621A9B /* result_mesh7_x0_y15.txt */ = {isa = PBXFileReference; fileEncoding = 4; lastKnownFileType = text; name = result_mesh7_x0_y15.txt; path = ../sp/result_mesh7_x0_y15.txt; sourceTree = "<group>"; };
		03C71EA41649587E00621A9B /* result_mesh7_x0_y30.txt */ = {isa = PBXFileReference; fileEncoding = 4; lastKnownFileType = text; name = result_mesh7_x0_y30.txt; path = ../sp/result_mesh7_x0_y30.txt; sourceTree = "<group>"; };
		03C71EA51649587E00621A9B /* result_mesh7_x0_ym3.txt */ = {isa = PBXFileReference; fileEncoding = 4; lastKnownFileType = text; name = result_mesh7_x0_ym3.txt; path = ../sp/result_mesh7_x0_ym3.txt; sourceTree = "<group>"; };
		03C71EA61649587E00621A9B /* result_mesh7_x0_ym5.txt */ = {isa = PBXFileReference; fileEncoding = 4; lastKnownFileType = text; name = result_mesh7_x0_ym5.txt; path = ../sp/result_mesh7_x0_ym5.txt; sourceTree = "<group>"; };
		03C71EA71649587E00621A9B /* result_mesh7_x0_ym10.txt */ = {isa = PBXFileReference; fileEncoding = 4; lastKnownFileType = text; name = result_mesh7_x0_ym10.txt; path = ../sp/result_mesh7_x0_ym10.txt; sourceTree = "<group>"; };
		03C71EA81649587E00621A9B /* result_mesh7_x0_ym15.txt */ = {isa = PBXFileReference; fileEncoding = 4; lastKnownFileType = text; name = result_mesh7_x0_ym15.txt; path = ../sp/result_mesh7_x0_ym15.txt; sourceTree = "<group>"; };
		03C71EA91649587E00621A9B /* result_mesh7_x0_ym30.txt */ = {isa = PBXFileReference; fileEncoding = 4; lastKnownFileType = text; name = result_mesh7_x0_ym30.txt; path = ../sp/result_mesh7_x0_ym30.txt; sourceTree = "<group>"; };
		03C71EAA1649587E00621A9B /* result_mesh7_x2_y0.txt */ = {isa = PBXFileReference; fileEncoding = 4; lastKnownFileType = text; name = result_mesh7_x2_y0.txt; path = ../sp/result_mesh7_x2_y0.txt; sourceTree = "<group>"; };
		03C71EAB1649587E00621A9B /* result_mesh7_x5_y0.txt */ = {isa = PBXFileReference; fileEncoding = 4; lastKnownFileType = text; name = result_mesh7_x5_y0.txt; path = ../sp/result_mesh7_x5_y0.txt; sourceTree = "<group>"; };
		03C71EAC1649587E00621A9B /* result_mesh7_x15_y0.txt */ = {isa = PBXFileReference; fileEncoding = 4; lastKnownFileType = text; name = result_mesh7_x15_y0.txt; path = ../sp/result_mesh7_x15_y0.txt; sourceTree = "<group>"; };
		03C71EAD1649587E00621A9B /* result_mesh7_x30_y0.txt */ = {isa = PBXFileReference; fileEncoding = 4; lastKnownFileType = text; name = result_mesh7_x30_y0.txt; path = ../sp/result_mesh7_x30_y0.txt; sourceTree = "<group>"; };
		03C71EAE1649587E00621A9B /* result_mesh7_x50_y0.txt */ = {isa = PBXFileReference; fileEncoding = 4; lastKnownFileType = text; name = result_mesh7_x50_y0.txt; path = ../sp/result_mesh7_x50_y0.txt; sourceTree = "<group>"; };
		03C71EAF1649587E00621A9B /* result_mesh7_x75_y0.txt */ = {isa = PBXFileReference; fileEncoding = 4; lastKnownFileType = text; name = result_mesh7_x75_y0.txt; path = ../sp/result_mesh7_x75_y0.txt; sourceTree = "<group>"; };
		03C71EB01649587E00621A9B /* result_mesh7_x100_y0.txt */ = {isa = PBXFileReference; fileEncoding = 4; lastKnownFileType = text; name = result_mesh7_x100_y0.txt; path = ../sp/result_mesh7_x100_y0.txt; sourceTree = "<group>"; };
		03C71EB11649587E00621A9B /* result_mesh7_x120_y0.txt */ = {isa = PBXFileReference; fileEncoding = 4; lastKnownFileType = text; name = result_mesh7_x120_y0.txt; path = ../sp/result_mesh7_x120_y0.txt; sourceTree = "<group>"; };
		03C71EB21649587E00621A9B /* result_mesh7_x180_y0.txt */ = {isa = PBXFileReference; fileEncoding = 4; lastKnownFileType = text; name = result_mesh7_x180_y0.txt; path = ../sp/result_mesh7_x180_y0.txt; sourceTree = "<group>"; };
		03C71EB31649587E00621A9B /* simulation_1_kernel.cpp */ = {isa = PBXFileReference; fileEncoding = 4; lastKnownFileType = sourcecode.cpp.cpp; name = simulation_1_kernel.cpp; path = ../sp/simulation_1_kernel.cpp; sourceTree = "<group>"; };
		03C71EB41649587E00621A9B /* simulation_1_kernel.cu */ = {isa = PBXFileReference; fileEncoding = 4; lastKnownFileType = text; name = simulation_1_kernel.cu; path = ../sp/simulation_1_kernel.cu; sourceTree = "<group>"; };
		03C71EB51649587E00621A9B /* simulation_1.h */ = {isa = PBXFileReference; fileEncoding = 4; lastKnownFileType = sourcecode.c.h; name = simulation_1.h; path = ../sp/simulation_1.h; sourceTree = "<group>"; };
		03C71EB61649587E00621A9B /* SpaceDiscretization_kernel.cpp */ = {isa = PBXFileReference; fileEncoding = 4; lastKnownFileType = sourcecode.cpp.cpp; name = SpaceDiscretization_kernel.cpp; path = ../sp/SpaceDiscretization_kernel.cpp; sourceTree = "<group>"; };
		03C71EB71649587E00621A9B /* SpaceDiscretization_kernel.cu */ = {isa = PBXFileReference; fileEncoding = 4; lastKnownFileType = text; name = SpaceDiscretization_kernel.cu; path = ../sp/SpaceDiscretization_kernel.cu; sourceTree = "<group>"; };
		03C71EB81649587E00621A9B /* SpaceDiscretization.h */ = {isa = PBXFileReference; fileEncoding = 4; lastKnownFileType = sourcecode.c.h; name = SpaceDiscretization.h; path = ../sp/SpaceDiscretization.h; sourceTree = "<group>"; };
		03C71EB91649587E00621A9B /* triangleIndex_kernel.cpp */ = {isa = PBXFileReference; fileEncoding = 4; lastKnownFileType = sourcecode.cpp.cpp; name = triangleIndex_kernel.cpp; path = ../sp/triangleIndex_kernel.cpp; sourceTree = "<group>"; };
		03C71EBA1649587E00621A9B /* triangleIndex_kernel.cu */ = {isa = PBXFileReference; fileEncoding = 4; lastKnownFileType = text; name = triangleIndex_kernel.cu; path = ../sp/triangleIndex_kernel.cu; sourceTree = "<group>"; };
		03C71EBB1649587E00621A9B /* triangleIndex.h */ = {isa = PBXFileReference; fileEncoding = 4; lastKnownFileType = sourcecode.c.h; name = triangleIndex.h; path = ../sp/triangleIndex.h; sourceTree = "<group>"; };
		03C71EBC1649587E00621A9B /* values_operation2_kernel.cpp */ = {isa = PBXFileReference; fileEncoding = 4; lastKnownFileType = sourcecode.cpp.cpp; name = values_operation2_kernel.cpp; path = ../sp/values_operation2_kernel.cpp; sourceTree = "<group>"; };
		03C71EBD1649587E00621A9B /* values_operation2_kernel.cu */ = {isa = PBXFileReference; fileEncoding = 4; lastKnownFileType = text; name = values_operation2_kernel.cu; path = ../sp/values_operation2_kernel.cu; sourceTree = "<group>"; };
		03C71EBE1649587E00621A9B /* values_operation2.h */ = {isa = PBXFileReference; fileEncoding = 4; lastKnownFileType = sourcecode.c.h; name = values_operation2.h; path = ../sp/values_operation2.h; sourceTree = "<group>"; };
		03C71EBF1649587E00621A9B /* volna */ = {isa = PBXFileReference; lastKnownFileType = "compiled.mach-o.executable"; name = volna; path = ../sp/volna; sourceTree = "<group>"; };
		03C71EC01649587E00621A9B /* volna_common.h */ = {isa = PBXFileReference; fileEncoding = 4; lastKnownFileType = sourcecode.c.h; name = volna_common.h; path = ../sp/volna_common.h; sourceTree = "<group>"; };
		03C71EC11649587E00621A9B /* volna_cuda.dSYM */ = {isa = PBXFileReference; lastKnownFileType = wrapper.dsym; name = volna_cuda.dSYM; path = ../sp/volna_cuda.dSYM; sourceTree = "<group>"; };
		03C71EC21649587E00621A9B /* volna_event.cpp */ = {isa = PBXFileReference; fileEncoding = 4; lastKnownFileType = sourcecode.cpp.cpp; name = volna_event.cpp; path = ../sp/volna_event.cpp; sourceTree = "<group>"; };
		03C71EC31649587E00621A9B /* volna_init_op.cpp */ = {isa = PBXFileReference; fileEncoding = 4; lastKnownFileType = sourcecode.cpp.cpp; name = volna_init_op.cpp; path = ../sp/volna_init_op.cpp; sourceTree = "<group>"; };
		03C71EC41649587E00621A9B /* volna_init.cpp */ = {isa = PBXFileReference; fileEncoding = 4; lastKnownFileType = sourcecode.cpp.cpp; name = volna_init.cpp; path = ../sp/volna_init.cpp; sourceTree = "<group>"; };
		03C71EC51649587E00621A9B /* volna_kernels.cpp */ = {isa = PBXFileReference; fileEncoding = 4; lastKnownFileType = sourcecode.cpp.cpp; name = volna_kernels.cpp; path = ../sp/volna_kernels.cpp; sourceTree = "<group>"; };
		03C71EC61649587E00621A9B /* volna_kernels.cu */ = {isa = PBXFileReference; fileEncoding = 4; lastKnownFileType = text; name = volna_kernels.cu; path = ../sp/volna_kernels.cu; sourceTree = "<group>"; };
		03C71EC71649587E00621A9B /* volna_op.cpp */ = {isa = PBXFileReference; fileEncoding = 4; lastKnownFileType = sourcecode.cpp.cpp; name = volna_op.cpp; path = ../sp/volna_op.cpp; sourceTree = "<group>"; };
		03C71EC81649587E00621A9B /* volna_openmp.dSYM */ = {isa = PBXFileReference; lastKnownFileType = wrapper.dsym; name = volna_openmp.dSYM; path = ../sp/volna_openmp.dSYM; sourceTree = "<group>"; };
		03C71EC91649587E00621A9B /* volna_output_op.cpp */ = {isa = PBXFileReference; fileEncoding = 4; lastKnownFileType = sourcecode.cpp.cpp; name = volna_output_op.cpp; path = ../sp/volna_output_op.cpp; sourceTree = "<group>"; };
		03C71ECA1649587E00621A9B /* volna_output.cpp */ = {isa = PBXFileReference; fileEncoding = 4; lastKnownFileType = sourcecode.cpp.cpp; name = volna_output.cpp; path = ../sp/volna_output.cpp; sourceTree = "<group>"; };
		03C71ECB1649587E00621A9B /* volna_simulation_op.cpp */ = {isa = PBXFileReference; fileEncoding = 4; lastKnownFileType = sourcecode.cpp.cpp; name = volna_simulation_op.cpp; path = ../sp/volna_simulation_op.cpp; sourceTree = "<group>"; };
		03C71ECC1649587E00621A9B /* volna_simulation.cpp */ = {isa = PBXFileReference; fileEncoding = 4; lastKnownFileType = sourcecode.cpp.cpp; name = volna_simulation.cpp; path = ../sp/volna_simulation.cpp; sourceTree = "<group>"; };
		03C71ECD1649587E00621A9B /* volna.cpp */ = {isa = PBXFileReference; fileEncoding = 4; lastKnownFileType = sourcecode.cpp.cpp; name = volna.cpp; path = ../sp/volna.cpp; sourceTree = "<group>"; };
		03C71ECE1649587E00621A9B /* volna.dSYM */ = {isa = PBXFileReference; lastKnownFileType = wrapper.dsym; name = volna.dSYM; path = ../sp/volna.dSYM; sourceTree = "<group>"; };
		03C71ED01649587E00621A9B /* landslide_mesh_convergence.vln */ = {isa = PBXFileReference; fileEncoding = 4; lastKnownFileType = text; path = landslide_mesh_convergence.vln; sourceTree = "<group>"; };
		03C71ED11649587E00621A9B /* Makefile */ = {isa = PBXFileReference; fileEncoding = 4; lastKnownFileType = sourcecode.make; path = Makefile; sourceTree = "<group>"; };
		03C71ED21649587E00621A9B /* volna2hdf5 */ = {isa = PBXFileReference; lastKnownFileType = "compiled.mach-o.executable"; path = volna2hdf5; sourceTree = "<group>"; };
		03C71ED31649587E00621A9B /* volna2hdf5.cpp */ = {isa = PBXFileReference; fileEncoding = 4; lastKnownFileType = sourcecode.cpp.cpp; path = volna2hdf5.cpp; sourceTree = "<group>"; };
		03C71ED41649587E00621A9B /* volna2hdf5.dSYM */ = {isa = PBXFileReference; lastKnownFileType = wrapper.dsym; path = volna2hdf5.dSYM; sourceTree = "<group>"; };
/* End PBXFileReference section */

/* Begin PBXGroup section */
		03C71E651649587100621A9B = {
			isa = PBXGroup;
			children = (
				03C71E721649587E00621A9B /* applyConst_kernel.cpp */,
				03C71E731649587E00621A9B /* applyConst_kernel.cu */,
				03C71E741649587E00621A9B /* applyConst.h */,
				03C71E751649587E00621A9B /* computeFluxes_kernel.cpp */,
				03C71E761649587E00621A9B /* computeFluxes_kernel.cu */,
				03C71E771649587E00621A9B /* computeFluxes.h */,
				03C71E781649587E00621A9B /* EvolveValuesRK2_1_kernel.cpp */,
				03C71E791649587E00621A9B /* EvolveValuesRK2_1_kernel.cu */,
				03C71E7A1649587E00621A9B /* EvolveValuesRK2_1.h */,
				03C71E7B1649587E00621A9B /* EvolveValuesRK2_2_kernel.cpp */,
				03C71E7C1649587E00621A9B /* EvolveValuesRK2_2_kernel.cu */,
				03C71E7D1649587E00621A9B /* EvolveValuesRK2_2.h */,
				03C71E7E1649587E00621A9B /* getMaxElevation_kernel.cpp */,
				03C71E7F1649587E00621A9B /* getMaxElevation_kernel.cu */,
				03C71E801649587E00621A9B /* getMaxElevation.h */,
				03C71E811649587E00621A9B /* getTotalVol_kernel.cpp */,
				03C71E821649587E00621A9B /* getTotalVol_kernel.cu */,
				03C71E831649587E00621A9B /* getTotalVol.h */,
				03C71E841649587E00621A9B /* initBathymetry_formula_kernel.cpp */,
				03C71E851649587E00621A9B /* initBathymetry_formula_kernel.cu */,
				03C71E861649587E00621A9B /* initBathymetry_formula.h */,
				03C71E871649587E00621A9B /* initBathymetry_update_kernel.cpp */,
				03C71E881649587E00621A9B /* initBathymetry_update_kernel.cu */,
				03C71E891649587E00621A9B /* initBathymetry_update.h */,
				03C71E8A1649587E00621A9B /* initBore_select_kernel.cpp */,
				03C71E8B1649587E00621A9B /* initBore_select_kernel.cu */,
				03C71E8C1649587E00621A9B /* initBore_select.h */,
				03C71E8D1649587E00621A9B /* initEta_formula_kernel.cpp */,
				03C71E8E1649587E00621A9B /* initEta_formula_kernel.cu */,
				03C71E8F1649587E00621A9B /* initEta_formula.h */,
				03C71E901649587E00621A9B /* initGaussianLandslide_kernel.cpp */,
				03C71E911649587E00621A9B /* initGaussianLandslide_kernel.cu */,
				03C71E921649587E00621A9B /* initGaussianLandslide.h */,
				03C71E931649587E00621A9B /* initU_formula_kernel.cpp */,
				03C71E941649587E00621A9B /* initU_formula_kernel.cu */,
				03C71E951649587E00621A9B /* initU_formula.h */,
				03C71E961649587E00621A9B /* initV_formula_kernel.cpp */,
				03C71E971649587E00621A9B /* initV_formula_kernel.cu */,
				03C71E981649587E00621A9B /* initV_formula.h */,
				03C71E991649587E00621A9B /* landslide_mesh_convergence.h5 */,
				03C71E9A1649587E00621A9B /* Makefile */,
				03C71E9B1649587E00621A9B /* NumericalFluxes_kernel.cpp */,
				03C71E9C1649587E00621A9B /* NumericalFluxes_kernel.cu */,
				03C71E9D1649587E00621A9B /* NumericalFluxes.h */,
				03C71E9E1649587E00621A9B /* out.txt */,
				03C71E9F1649587E00621A9B /* result_mesh7_x0_y0.txt */,
				03C71EA01649587E00621A9B /* result_mesh7_x0_y3.txt */,
				03C71EA11649587E00621A9B /* result_mesh7_x0_y5.txt */,
				03C71EA21649587E00621A9B /* result_mesh7_x0_y10.txt */,
				03C71EA31649587E00621A9B /* result_mesh7_x0_y15.txt */,
				03C71EA41649587E00621A9B /* result_mesh7_x0_y30.txt */,
				03C71EA51649587E00621A9B /* result_mesh7_x0_ym3.txt */,
				03C71EA61649587E00621A9B /* result_mesh7_x0_ym5.txt */,
				03C71EA71649587E00621A9B /* result_mesh7_x0_ym10.txt */,
				03C71EA81649587E00621A9B /* result_mesh7_x0_ym15.txt */,
				03C71EA91649587E00621A9B /* result_mesh7_x0_ym30.txt */,
				03C71EAA1649587E00621A9B /* result_mesh7_x2_y0.txt */,
				03C71EAB1649587E00621A9B /* result_mesh7_x5_y0.txt */,
				03C71EAC1649587E00621A9B /* result_mesh7_x15_y0.txt */,
				03C71EAD1649587E00621A9B /* result_mesh7_x30_y0.txt */,
				03C71EAE1649587E00621A9B /* result_mesh7_x50_y0.txt */,
				03C71EAF1649587E00621A9B /* result_mesh7_x75_y0.txt */,
				03C71EB01649587E00621A9B /* result_mesh7_x100_y0.txt */,
				03C71EB11649587E00621A9B /* result_mesh7_x120_y0.txt */,
				03C71EB21649587E00621A9B /* result_mesh7_x180_y0.txt */,
				03C71EB31649587E00621A9B /* simulation_1_kernel.cpp */,
				03C71EB41649587E00621A9B /* simulation_1_kernel.cu */,
				03C71EB51649587E00621A9B /* simulation_1.h */,
				03C71EB61649587E00621A9B /* SpaceDiscretization_kernel.cpp */,
				03C71EB71649587E00621A9B /* SpaceDiscretization_kernel.cu */,
				03C71EB81649587E00621A9B /* SpaceDiscretization.h */,
				03C71EB91649587E00621A9B /* triangleIndex_kernel.cpp */,
				03C71EBA1649587E00621A9B /* triangleIndex_kernel.cu */,
				03C71EBB1649587E00621A9B /* triangleIndex.h */,
				03C71EBC1649587E00621A9B /* values_operation2_kernel.cpp */,
				03C71EBD1649587E00621A9B /* values_operation2_kernel.cu */,
				03C71EBE1649587E00621A9B /* values_operation2.h */,
				03C71EBF1649587E00621A9B /* volna */,
				03C71EC01649587E00621A9B /* volna_common.h */,
				03C71EC11649587E00621A9B /* volna_cuda.dSYM */,
				03C71EC21649587E00621A9B /* volna_event.cpp */,
				03C71EC31649587E00621A9B /* volna_init_op.cpp */,
				03C71EC41649587E00621A9B /* volna_init.cpp */,
				03C71EC51649587E00621A9B /* volna_kernels.cpp */,
				03C71EC61649587E00621A9B /* volna_kernels.cu */,
				03C71EC71649587E00621A9B /* volna_op.cpp */,
				03C71EC81649587E00621A9B /* volna_openmp.dSYM */,
				03C71EC91649587E00621A9B /* volna_output_op.cpp */,
				03C71ECA1649587E00621A9B /* volna_output.cpp */,
				03C71ECB1649587E00621A9B /* volna_simulation_op.cpp */,
				03C71ECC1649587E00621A9B /* volna_simulation.cpp */,
				03C71ECD1649587E00621A9B /* volna.cpp */,
				03C71ECE1649587E00621A9B /* volna.dSYM */,
				03C71ECF1649587E00621A9B /* volna2hdf5 */,
			);
			sourceTree = "<group>";
		};
		03C71ECF1649587E00621A9B /* volna2hdf5 */ = {
			isa = PBXGroup;
			children = (
				03C71ED01649587E00621A9B /* landslide_mesh_convergence.vln */,
				03C71ED11649587E00621A9B /* Makefile */,
				03C71ED21649587E00621A9B /* volna2hdf5 */,
				03C71ED31649587E00621A9B /* volna2hdf5.cpp */,
				03C71ED41649587E00621A9B /* volna2hdf5.dSYM */,
			);
			name = volna2hdf5;
			path = ../sp/volna2hdf5;
			sourceTree = "<group>";
		};
/* End PBXGroup section */

/* Begin PBXLegacyTarget section */
		03C71E6C1649587100621A9B /* volna_sep */ = {
			isa = PBXLegacyTarget;
			buildArgumentsString = "$(ACTION)";
			buildConfigurationList = 03C71E6F1649587100621A9B /* Build configuration list for PBXLegacyTarget "volna_sep" */;
			buildPhases = (
			);
			buildToolPath = /usr/bin/make;
			dependencies = (
			);
			name = volna_sep;
			passBuildSettingsInEnvironment = 1;
			productName = volna_sep;
		};
/* End PBXLegacyTarget section */

/* Begin PBXProject section */
		03C71E671649587100621A9B /* Project object */ = {
			isa = PBXProject;
			attributes = {
				LastUpgradeCheck = 0450;
				ORGANIZATIONNAME = "Istvan Reguly";
			};
			buildConfigurationList = 03C71E6A1649587100621A9B /* Build configuration list for PBXProject "volna_sep" */;
			compatibilityVersion = "Xcode 3.2";
			developmentRegion = English;
			hasScannedForEncodings = 0;
			knownRegions = (
				en,
			);
			mainGroup = 03C71E651649587100621A9B;
			projectDirPath = "";
			projectRoot = "";
			targets = (
				03C71E6C1649587100621A9B /* volna_sep */,
			);
		};
/* End PBXProject section */

/* Begin XCBuildConfiguration section */
		03C71E6D1649587100621A9B /* Debug */ = {
			isa = XCBuildConfiguration;
			buildSettings = {
				ALWAYS_SEARCH_USER_PATHS = NO;
				ARCHS = "$(ARCHS_STANDARD_64_BIT)";
				CLANG_CXX_LANGUAGE_STANDARD = "gnu++0x";
				CLANG_CXX_LIBRARY = "libc++";
				CLANG_WARN_EMPTY_BODY = YES;
				CLANG_WARN__DUPLICATE_METHOD_MATCH = YES;
				COPY_PHASE_STRIP = NO;
				GCC_C_LANGUAGE_STANDARD = gnu99;
				GCC_DYNAMIC_NO_PIC = NO;
				GCC_ENABLE_OBJC_EXCEPTIONS = YES;
				GCC_OPTIMIZATION_LEVEL = 0;
				GCC_PREPROCESSOR_DEFINITIONS = (
					"DEBUG=1",
					"$(inherited)",
				);
				GCC_SYMBOLS_PRIVATE_EXTERN = NO;
				GCC_WARN_64_TO_32_BIT_CONVERSION = YES;
				GCC_WARN_ABOUT_RETURN_TYPE = YES;
				GCC_WARN_UNINITIALIZED_AUTOS = YES;
				GCC_WARN_UNUSED_VARIABLE = YES;
				MACOSX_DEPLOYMENT_TARGET = 10.8;
				ONLY_ACTIVE_ARCH = YES;
				SDKROOT = macosx;
			};
			name = Debug;
		};
		03C71E6E1649587100621A9B /* Release */ = {
			isa = XCBuildConfiguration;
			buildSettings = {
				ALWAYS_SEARCH_USER_PATHS = NO;
				ARCHS = "$(ARCHS_STANDARD_64_BIT)";
				CLANG_CXX_LANGUAGE_STANDARD = "gnu++0x";
				CLANG_CXX_LIBRARY = "libc++";
				CLANG_WARN_EMPTY_BODY = YES;
				CLANG_WARN__DUPLICATE_METHOD_MATCH = YES;
				COPY_PHASE_STRIP = YES;
				DEBUG_INFORMATION_FORMAT = "dwarf-with-dsym";
				GCC_C_LANGUAGE_STANDARD = gnu99;
				GCC_ENABLE_OBJC_EXCEPTIONS = YES;
				GCC_WARN_64_TO_32_BIT_CONVERSION = YES;
				GCC_WARN_ABOUT_RETURN_TYPE = YES;
				GCC_WARN_UNINITIALIZED_AUTOS = YES;
				GCC_WARN_UNUSED_VARIABLE = YES;
				MACOSX_DEPLOYMENT_TARGET = 10.8;
				SDKROOT = macosx;
			};
			name = Release;
		};
		03C71E701649587100621A9B /* Debug */ = {
			isa = XCBuildConfiguration;
			buildSettings = {
				DEBUGGING_SYMBOLS = YES;
				GCC_GENERATE_DEBUGGING_SYMBOLS = YES;
				GCC_OPTIMIZATION_LEVEL = 0;
				OTHER_CFLAGS = "";
				OTHER_LDFLAGS = "";
				PRODUCT_NAME = "$(TARGET_NAME)";
			};
			name = Debug;
		};
		03C71E711649587100621A9B /* Release */ = {
			isa = XCBuildConfiguration;
			buildSettings = {
				OTHER_CFLAGS = "";
				OTHER_LDFLAGS = "";
				PRODUCT_NAME = "$(TARGET_NAME)";
			};
			name = Release;
		};
/* End XCBuildConfiguration section */

/* Begin XCConfigurationList section */
		03C71E6A1649587100621A9B /* Build configuration list for PBXProject "volna_sep" */ = {
			isa = XCConfigurationList;
			buildConfigurations = (
				03C71E6D1649587100621A9B /* Debug */,
				03C71E6E1649587100621A9B /* Release */,
			);
			defaultConfigurationIsVisible = 0;
			defaultConfigurationName = Release;
		};
		03C71E6F1649587100621A9B /* Build configuration list for PBXLegacyTarget "volna_sep" */ = {
			isa = XCConfigurationList;
			buildConfigurations = (
				03C71E701649587100621A9B /* Debug */,
				03C71E711649587100621A9B /* Release */,
			);
			defaultConfigurationIsVisible = 0;
		};
/* End XCConfigurationList section */
	};
	rootObject = 03C71E671649587100621A9B /* Project object */;
}
